
Microsoft Visual Studio Solution File, Format Version 12.00
# Visual Studio Version 17
VisualStudioVersion = 17.13.35931.197
MinimumVisualStudioVersion = 10.0.40219.1
Project("{FAE04EC0-301F-11D3-BF4B-00C04F79EFBC}") = "PersonApp", "PersonApp\PersonApp.csproj", "{1CD7FB21-1AA0-4A5A-8D8B-B42D0B21863F}"
EndProject
Project("{FAE04EC0-301F-11D3-BF4B-00C04F79EFBC}") = "PersonApp.Client", "PersonApp.Client\PersonApp.Client.csproj", "{90D887C5-5172-4F79-B048-A8358EE448EE}"
EndProject
Project("{FAE04EC0-301F-11D3-BF4B-00C04F79EFBC}") = "PersonApp.Shared", "PersonApp.Shared\PersonApp.Shared.csproj", "{294F7F3B-3412-098C-8B9F-EA80277E2464}"
EndProject
Global
	GlobalSection(SolutionConfigurationPlatforms) = preSolution
		Debug|Any CPU = Debug|Any CPU
		Release|Any CPU = Release|Any CPU
	EndGlobalSection
	GlobalSection(ProjectConfigurationPlatforms) = postSolution
		{1CD7FB21-1AA0-4A5A-8D8B-B42D0B21863F}.Debug|Any CPU.ActiveCfg = Debug|Any CPU
		{1CD7FB21-1AA0-4A5A-8D8B-B42D0B21863F}.Debug|Any CPU.Build.0 = Debug|Any CPU
		{1CD7FB21-1AA0-4A5A-8D8B-B42D0B21863F}.Release|Any CPU.ActiveCfg = Release|Any CPU
		{1CD7FB21-1AA0-4A5A-8D8B-B42D0B21863F}.Release|Any CPU.Build.0 = Release|Any CPU
		{90D887C5-5172-4F79-B048-A8358EE448EE}.Debug|Any CPU.ActiveCfg = Debug|Any CPU
		{90D887C5-5172-4F79-B048-A8358EE448EE}.Debug|Any CPU.Build.0 = Debug|Any CPU
		{90D887C5-5172-4F79-B048-A8358EE448EE}.Release|Any CPU.ActiveCfg = Release|Any CPU
		{90D887C5-5172-4F79-B048-A8358EE448EE}.Release|Any CPU.Build.0 = Release|Any CPU
		{294F7F3B-3412-098C-8B9F-EA80277E2464}.Debug|Any CPU.ActiveCfg = Debug|Any CPU
		{294F7F3B-3412-098C-8B9F-EA80277E2464}.Debug|Any CPU.Build.0 = Debug|Any CPU
		{294F7F3B-3412-098C-8B9F-EA80277E2464}.Release|Any CPU.ActiveCfg = Release|Any CPU
		{294F7F3B-3412-098C-8B9F-EA80277E2464}.Release|Any CPU.Build.0 = Release|Any CPU
	EndGlobalSection
	GlobalSection(SolutionProperties) = preSolution
		HideSolutionNode = FALSE
	EndGlobalSection
	GlobalSection(ExtensibilityGlobals) = postSolution
		SolutionGuid = {C514B104-0D96-424A-9497-C9B23FD8CD13}
	EndGlobalSection
EndGlobal
